
Microsoft Visual Studio Solution File, Format Version 12.00
# Visual Studio 15
VisualStudioVersion = 15.0.28010.2048
MinimumVisualStudioVersion = 10.0.40219.1
Project("{9A19103F-16F7-4668-BE54-9A1E7A4F7556}") = "ColSoftDist", "..\ColSoftDist\ColSoftDist.csproj", "{53876F70-5F03-4267-A640-05D081D8EA40}"
EndProject
Project("{9A19103F-16F7-4668-BE54-9A1E7A4F7556}") = "DAL", "DAL\DAL.csproj", "{601F46FC-5DFF-43BB-A309-26A7DF83970C}"
EndProject
Project("{FAE04EC0-301F-11D3-BF4B-00C04F79EFBC}") = "Services", "Services\Services.csproj", "{0E866CAB-0A05-486A-97B2-0AA44601184A}"
EndProject
Global
	GlobalSection(SolutionConfigurationPlatforms) = preSolution
		Debug|Any CPU = Debug|Any CPU
		Release|Any CPU = Release|Any CPU
	EndGlobalSection
	GlobalSection(ProjectConfigurationPlatforms) = postSolution
		{53876F70-5F03-4267-A640-05D081D8EA40}.Debug|Any CPU.ActiveCfg = Debug|Any CPU
		{53876F70-5F03-4267-A640-05D081D8EA40}.Debug|Any CPU.Build.0 = Debug|Any CPU
		{53876F70-5F03-4267-A640-05D081D8EA40}.Release|Any CPU.ActiveCfg = Release|Any CPU
		{53876F70-5F03-4267-A640-05D081D8EA40}.Release|Any CPU.Build.0 = Release|Any CPU
		{601F46FC-5DFF-43BB-A309-26A7DF83970C}.Debug|Any CPU.ActiveCfg = Debug|Any CPU
		{601F46FC-5DFF-43BB-A309-26A7DF83970C}.Debug|Any CPU.Build.0 = Debug|Any CPU
		{601F46FC-5DFF-43BB-A309-26A7DF83970C}.Release|Any CPU.ActiveCfg = Release|Any CPU
		{601F46FC-5DFF-43BB-A309-26A7DF83970C}.Release|Any CPU.Build.0 = Release|Any CPU
		{0E866CAB-0A05-486A-97B2-0AA44601184A}.Debug|Any CPU.ActiveCfg = Debug|Any CPU
		{0E866CAB-0A05-486A-97B2-0AA44601184A}.Debug|Any CPU.Build.0 = Debug|Any CPU
		{0E866CAB-0A05-486A-97B2-0AA44601184A}.Release|Any CPU.ActiveCfg = Release|Any CPU
		{0E866CAB-0A05-486A-97B2-0AA44601184A}.Release|Any CPU.Build.0 = Release|Any CPU
	EndGlobalSection
	GlobalSection(SolutionProperties) = preSolution
		HideSolutionNode = FALSE
	EndGlobalSection
	GlobalSection(ExtensibilityGlobals) = postSolution
		SolutionGuid = {95663F13-A46F-4F5A-88B2-C077E7A0403A}
	EndGlobalSection
EndGlobal
